
Microsoft Visual Studio Solution File, Format Version 12.00
# Visual Studio Version 17
VisualStudioVersion = 17.11.35303.130
MinimumVisualStudioVersion = 10.0.40219.1
Project("{FAE04EC0-301F-11D3-BF4B-00C04F79EFBC}") = "14_SimpleArrays", "14_SimpleArrays\14_SimpleArrays.csproj", "{F0B7508F-93CE-4035-B70B-E1B3A7B12CB1}"
EndProject
Global
	GlobalSection(SolutionConfigurationPlatforms) = preSolution
		Debug|Any CPU = Debug|Any CPU
		Release|Any CPU = Release|Any CPU
	EndGlobalSection
	GlobalSection(ProjectConfigurationPlatforms) = postSolution
		{F0B7508F-93CE-4035-B70B-E1B3A7B12CB1}.Debug|Any CPU.ActiveCfg = Debug|Any CPU
		{F0B7508F-93CE-4035-B70B-E1B3A7B12CB1}.Debug|Any CPU.Build.0 = Debug|Any CPU
		{F0B7508F-93CE-4035-B70B-E1B3A7B12CB1}.Release|Any CPU.ActiveCfg = Release|Any CPU
		{F0B7508F-93CE-4035-B70B-E1B3A7B12CB1}.Release|Any CPU.Build.0 = Release|Any CPU
	EndGlobalSection
	GlobalSection(SolutionProperties) = preSolution
		HideSolutionNode = FALSE
	EndGlobalSection
	GlobalSection(ExtensibilityGlobals) = postSolution
		SolutionGuid = {D3C01677-8EEC-4E27-ABE2-27ACF5537372}
	EndGlobalSection
EndGlobal
