
Microsoft Visual Studio Solution File, Format Version 12.00
# Visual Studio Version 17
VisualStudioVersion = 17.11.35303.130
MinimumVisualStudioVersion = 10.0.40219.1
Project("{FAE04EC0-301F-11D3-BF4B-00C04F79EFBC}") = "13_Break&Continue", "13_Break&Continue\13_Break&Continue.csproj", "{06CD5185-B404-4F6D-B5EF-0ED373B7C423}"
EndProject
Global
	GlobalSection(SolutionConfigurationPlatforms) = preSolution
		Debug|Any CPU = Debug|Any CPU
		Release|Any CPU = Release|Any CPU
	EndGlobalSection
	GlobalSection(ProjectConfigurationPlatforms) = postSolution
		{06CD5185-B404-4F6D-B5EF-0ED373B7C423}.Debug|Any CPU.ActiveCfg = Debug|Any CPU
		{06CD5185-B404-4F6D-B5EF-0ED373B7C423}.Debug|Any CPU.Build.0 = Debug|Any CPU
		{06CD5185-B404-4F6D-B5EF-0ED373B7C423}.Release|Any CPU.ActiveCfg = Release|Any CPU
		{06CD5185-B404-4F6D-B5EF-0ED373B7C423}.Release|Any CPU.Build.0 = Release|Any CPU
	EndGlobalSection
	GlobalSection(SolutionProperties) = preSolution
		HideSolutionNode = FALSE
	EndGlobalSection
	GlobalSection(ExtensibilityGlobals) = postSolution
		SolutionGuid = {C706AC63-992F-45A2-B6AC-D67F4744594C}
	EndGlobalSection
EndGlobal
